# This file is automatically @generated by Poetry and should not be changed by hand.

[[package]]
name = "pytz"
version = "2022.7.1"
description = "World timezone definitions, modern and historical"
category = "main"
optional = false
python-versions = "*"
files = [
    {file = "pytz-2022.7.1-py2.py3-none-any.whl", hash = "sha256:78f4f37d8198e0627c5f1143240bb0206b8691d8d7ac6d78fee88b78733f8c4a"},
    {file = "pytz-2022.7.1.tar.gz", hash = "sha256:01a0681c4b9684a28304615eba55d1ab31ae00bf68ec157ec3708a8182dbbcd0"},
]

[[package]]
name = "tomark"
version = "0.1.4"
description = "Convert a list of dictionaries to a markdown formatted table."
category = "main"
optional = false
python-versions = "*"
files = [
    {file = "tomark-0.1.4-py3-none-any.whl", hash = "sha256:e0b18f3cc7e1d6312ec3efa5d032b2a48bd24b079a5e91439a37e27c9c9b1455"},
    {file = "tomark-0.1.4.tar.gz", hash = "sha256:437f36f72621bdeb0897d655dd0f319520c39973977314b848de2491eaf2e740"},
]

[metadata]
lock-version = "2.0"
python-versions = "^3.9"
content-hash = "bf9bd85068717e7811b9ea3bdb9c26931b5ba79356b60493c0123f579716e7ec"
