# This file is automatically @generated by Poetry and should not be changed by hand.

[[package]]
name = "tomark"
version = "0.1.4"
description = "Convert a list of dictionaries to a markdown formatted table."
category = "main"
optional = false
python-versions = "*"
files = [
    {file = "tomark-0.1.4-py3-none-any.whl", hash = "sha256:e0b18f3cc7e1d6312ec3efa5d032b2a48bd24b079a5e91439a37e27c9c9b1455"},
    {file = "tomark-0.1.4.tar.gz", hash = "sha256:437f36f72621bdeb0897d655dd0f319520c39973977314b848de2491eaf2e740"},
]

[metadata]
lock-version = "2.0"
python-versions = "^3.9"
content-hash = "7344c7c47fc77ff27b4d30914e25247a16e847292ee6ff7f9130e717347433df"
